# This file was autogenerated by Stack.
# You should not edit this file by hand.
# For more information, please see the documentation at:
#   https://docs.haskellstack.org/en/stable/lock_files

packages:
- completed:
    name: linear-opengl
    version: 0.3.0.0
    git: https://github.com/bgamari/linear-opengl.git
    pantry-tree:
      size: 294
      sha256: 4324cca41c2515b735f2877dba85556d22b5d1e52de592a28bc78258a385891b
    commit: 5aeb5f68f03f616913344fdafa4c1f06d6814d0a
  original:
    git: https://github.com/bgamari/linear-opengl.git
    commit: 5aeb5f68f03f616913344fdafa4c1f06d6814d0a
- completed:
    name: bindings-GLFW
    version: 3.3.2.0
    git: https://github.com/bsl/bindings-GLFW.git
    pantry-tree:
      size: 5582
      sha256: 743862b3ac07b1614f564acefc5b900351b0befa6447839332f687ad9be0fd4b
    commit: 5ba55775e9e055ad69ed3925559b2d38a7c51265
  original:
    git: https://github.com/bsl/bindings-GLFW.git
    commit: 5ba55775e9e055ad69ed3925559b2d38a7c51265
- completed:
    name: GLFW-b
    version: 3.3.0.0
    git: https://github.com/bsl/GLFW-b.git
    pantry-tree:
      size: 691
      sha256: af7e9063419f038b21a598f66b4388d6a195f3c2d26edb226868131f89729dfb
    commit: f1026edc6dbd53291836154097f7b50616fef98e
  original:
    git: https://github.com/bsl/GLFW-b.git
    commit: f1026edc6dbd53291836154097f7b50616fef98e
- completed:
    name: grid
    version: 7.8.14
    git: https://github.com/mhwombat/grid.git
    pantry-tree:
      size: 5610
      sha256: 3c46ba0b62ac02ad4c5738626ff78d6f30849713e1296bbe049665ebeab760f4
    commit: 00238e1d03f6f641cb51796683ed02aa27e8aed2
  original:
    git: https://github.com/mhwombat/grid.git
    commit: 00238e1d03f6f641cb51796683ed02aa27e8aed2
snapshots:
- completed:
    size: 524996
    url: https://raw.githubusercontent.com/commercialhaskell/stackage-snapshots/master/lts/14/27.yaml
    sha256: 7ea31a280c56bf36ff591a7397cc384d0dff622e7f9e4225b47d8980f019a0f0
  original: lts-14.27
